// !$*UTF8*$!
{
	archiveVersion = 1;
	classes = {
	};
	objectVersion = 52;
	objects = {

/* Begin PBXBuildFile section */
		8B1C201D27471F75009B8A6A /* ProductsListViewController.swift in Sources */ = {isa = PBXBuildFile; fileRef = 8B1C201C27471F75009B8A6A /* ProductsListViewController.swift */; };
		8B3876DD2756FCC600BCBC94 /* SeeMoreViewController.swift in Sources */ = {isa = PBXBuildFile; fileRef = 8B3876DC2756FCC600BCBC94 /* SeeMoreViewController.swift */; };
		8B3A18A82749FA5400B6849E /* ProductCellTableViewCell.swift in Sources */ = {isa = PBXBuildFile; fileRef = 8B3A18A72749FA5400B6849E /* ProductCellTableViewCell.swift */; };
		8B5414B7273DB69B00043F74 /* RegistrationViewController.swift in Sources */ = {isa = PBXBuildFile; fileRef = 8B5414B6273DB69B00043F74 /* RegistrationViewController.swift */; };
		8B5414BC273DB70900043F74 /* ProvinceSelecViewController.swift in Sources */ = {isa = PBXBuildFile; fileRef = 8B5414BB273DB70900043F74 /* ProvinceSelecViewController.swift */; };
		8B5414C4273DC1B400043F74 /* SignInViewController.swift in Sources */ = {isa = PBXBuildFile; fileRef = 8B5414C3273DC1B400043F74 /* SignInViewController.swift */; };
		8B5973322759818B0064527D /* OrderConfirmationViewController.swift in Sources */ = {isa = PBXBuildFile; fileRef = 8B5973312759818B0064527D /* OrderConfirmationViewController.swift */; };
		8B5F10E72739E21C006AB198 /* AppDelegate.swift in Sources */ = {isa = PBXBuildFile; fileRef = 8B5F10E62739E21C006AB198 /* AppDelegate.swift */; };
		8B5F10E92739E21C006AB198 /* SceneDelegate.swift in Sources */ = {isa = PBXBuildFile; fileRef = 8B5F10E82739E21C006AB198 /* SceneDelegate.swift */; };
		8B5F10EB2739E21C006AB198 /* ViewController.swift in Sources */ = {isa = PBXBuildFile; fileRef = 8B5F10EA2739E21C006AB198 /* ViewController.swift */; };
		8B5F10EE2739E21C006AB198 /* Main.storyboard in Resources */ = {isa = PBXBuildFile; fileRef = 8B5F10EC2739E21C006AB198 /* Main.storyboard */; };
		8B5F10F02739E21C006AB198 /* Assets.xcassets in Resources */ = {isa = PBXBuildFile; fileRef = 8B5F10EF2739E21C006AB198 /* Assets.xcassets */; };
		8B5F10F32739E21C006AB198 /* LaunchScreen.storyboard in Resources */ = {isa = PBXBuildFile; fileRef = 8B5F10F12739E21C006AB198 /* LaunchScreen.storyboard */; };
		8B5F10FE2739E21D006AB198 /* LopawltyTests.swift in Sources */ = {isa = PBXBuildFile; fileRef = 8B5F10FD2739E21D006AB198 /* LopawltyTests.swift */; };
		8B5F11092739E21D006AB198 /* LopawltyUITests.swift in Sources */ = {isa = PBXBuildFile; fileRef = 8B5F11082739E21D006AB198 /* LopawltyUITests.swift */; };
		8B77D1862757FA7B00BFA778 /* ShoppingCartViewController.swift in Sources */ = {isa = PBXBuildFile; fileRef = 8B77D1852757FA7B00BFA778 /* ShoppingCartViewController.swift */; };
		8B77D18B2757FABC00BFA778 /* ShoppingCartTableViewCell.swift in Sources */ = {isa = PBXBuildFile; fileRef = 8B77D18A2757FABC00BFA778 /* ShoppingCartTableViewCell.swift */; };
		8B77D19E275827FC00BFA778 /* CheckOutResumeViewController.swift in Sources */ = {isa = PBXBuildFile; fileRef = 8B77D19D275827FC00BFA778 /* CheckOutResumeViewController.swift */; };
		8B77D1A3275843A200BFA778 /* DeliveryInfoViewController.swift in Sources */ = {isa = PBXBuildFile; fileRef = 8B77D1A2275843A200BFA778 /* DeliveryInfoViewController.swift */; };
		8B7CE21D275ACD8B0008B244 /* ProfileViewController.swift in Sources */ = {isa = PBXBuildFile; fileRef = 8B7CE21C275ACD8B0008B244 /* ProfileViewController.swift */; };
		8B7CE22D275AF12F0008B244 /* OrderHistoricListViewController.swift in Sources */ = {isa = PBXBuildFile; fileRef = 8B7CE22C275AF12F0008B244 /* OrderHistoricListViewController.swift */; };
		8B7CE232275AF15C0008B244 /* OrderHistoricCellTableViewCell.swift in Sources */ = {isa = PBXBuildFile; fileRef = 8B7CE231275AF15C0008B244 /* OrderHistoricCellTableViewCell.swift */; };
		8B84E2E927594ACE000D8934 /* PaymentMethodViewController.swift in Sources */ = {isa = PBXBuildFile; fileRef = 8B84E2E827594ACE000D8934 /* PaymentMethodViewController.swift */; };
		8B84E2EF275964BF000D8934 /* MonthYearPicker in Frameworks */ = {isa = PBXBuildFile; productRef = 8B84E2EE275964BF000D8934 /* MonthYearPicker */; };
		8BC55813275AA54F00D670EA /* OrderItemsViewController.swift in Sources */ = {isa = PBXBuildFile; fileRef = 8BC55812275AA54F00D670EA /* OrderItemsViewController.swift */; };
		8BC55818275AA56900D670EA /* OderItemCellTableViewCell.swift in Sources */ = {isa = PBXBuildFile; fileRef = 8BC55817275AA56900D670EA /* OderItemCellTableViewCell.swift */; };
		B91557A82745E16500AA415C /* Lopawlty.xcdatamodeld in Sources */ = {isa = PBXBuildFile; fileRef = B91557A62745E16500AA415C /* Lopawlty.xcdatamodeld */; };
		B9441A5D275A60840017D917 /* Utils.swift in Sources */ = {isa = PBXBuildFile; fileRef = B9441A5C275A60840017D917 /* Utils.swift */; };
		B94B68272756BA1F00835D18 /* Customer.swift in Sources */ = {isa = PBXBuildFile; fileRef = B94B68262756BA1F00835D18 /* Customer.swift */; };
		B94B68382756C0C600835D18 /* FirebaseFirestore in Frameworks */ = {isa = PBXBuildFile; productRef = B94B68372756C0C600835D18 /* FirebaseFirestore */; };
		B97062A52756D94C00B1B394 /* Product.swift in Sources */ = {isa = PBXBuildFile; fileRef = B97062A42756D94C00B1B394 /* Product.swift */; };
		B9833496275AE8540086F32F /* UnauthenticatedNavigationController.swift in Sources */ = {isa = PBXBuildFile; fileRef = B9833495275AE8540086F32F /* UnauthenticatedNavigationController.swift */; };
		B98334A1275B057B0086F32F /* GoogleService-Info.plist in Resources */ = {isa = PBXBuildFile; fileRef = B98334A0275B057B0086F32F /* GoogleService-Info.plist */; };
		B98334A6275B140B0086F32F /* TabBarController.swift in Sources */ = {isa = PBXBuildFile; fileRef = B98334A5275B140B0086F32F /* TabBarController.swift */; };
		B9995F39275087C200C9C587 /* Cart+CoreDataClass.swift in Sources */ = {isa = PBXBuildFile; fileRef = B9995F33275087C200C9C587 /* Cart+CoreDataClass.swift */; };
		B9995F512750899800C9C587 /* SampleData.swift in Sources */ = {isa = PBXBuildFile; fileRef = B9995F502750899800C9C587 /* SampleData.swift */; };
		B9EC995D27594C2800F9D33E /* CreditCard.swift in Sources */ = {isa = PBXBuildFile; fileRef = B9EC995C27594C2800F9D33E /* CreditCard.swift */; };
		B9EC9962275954D000F9D33E /* Province.swift in Sources */ = {isa = PBXBuildFile; fileRef = B9EC9961275954D000F9D33E /* Province.swift */; };
		B9EC9967275956E600F9D33E /* Address.swift in Sources */ = {isa = PBXBuildFile; fileRef = B9EC9966275956E600F9D33E /* Address.swift */; };
		B9FC85D5275964B80040118E /* AddressInformationViewController.swift in Sources */ = {isa = PBXBuildFile; fileRef = B9FC85D4275964B80040118E /* AddressInformationViewController.swift */; };
		B9FC85E527599CAA0040118E /* Sale.swift in Sources */ = {isa = PBXBuildFile; fileRef = B9FC85E427599CAA0040118E /* Sale.swift */; };
		B9FC85EA27599D590040118E /* Payment.swift in Sources */ = {isa = PBXBuildFile; fileRef = B9FC85E927599D590040118E /* Payment.swift */; };
		B9FC85EF27599E7D0040118E /* Delivery.swift in Sources */ = {isa = PBXBuildFile; fileRef = B9FC85EE27599E7D0040118E /* Delivery.swift */; };
/* End PBXBuildFile section */

/* Begin PBXContainerItemProxy section */
		8B5F10FA2739E21D006AB198 /* PBXContainerItemProxy */ = {
			isa = PBXContainerItemProxy;
			containerPortal = 8B5F10DB2739E21B006AB198 /* Project object */;
			proxyType = 1;
			remoteGlobalIDString = 8B5F10E22739E21B006AB198;
			remoteInfo = Lopawlty;
		};
		8B5F11052739E21D006AB198 /* PBXContainerItemProxy */ = {
			isa = PBXContainerItemProxy;
			containerPortal = 8B5F10DB2739E21B006AB198 /* Project object */;
			proxyType = 1;
			remoteGlobalIDString = 8B5F10E22739E21B006AB198;
			remoteInfo = Lopawlty;
		};
/* End PBXContainerItemProxy section */

/* Begin PBXFileReference section */
		8B1C201C27471F75009B8A6A /* ProductsListViewController.swift */ = {isa = PBXFileReference; lastKnownFileType = sourcecode.swift; path = ProductsListViewController.swift; sourceTree = "<group>"; };
		8B3876DC2756FCC600BCBC94 /* SeeMoreViewController.swift */ = {isa = PBXFileReference; lastKnownFileType = sourcecode.swift; path = SeeMoreViewController.swift; sourceTree = "<group>"; };
		8B3A18A72749FA5400B6849E /* ProductCellTableViewCell.swift */ = {isa = PBXFileReference; lastKnownFileType = sourcecode.swift; path = ProductCellTableViewCell.swift; sourceTree = "<group>"; };
		8B5414B6273DB69B00043F74 /* RegistrationViewController.swift */ = {isa = PBXFileReference; lastKnownFileType = sourcecode.swift; path = RegistrationViewController.swift; sourceTree = "<group>"; };
		8B5414BB273DB70900043F74 /* ProvinceSelecViewController.swift */ = {isa = PBXFileReference; lastKnownFileType = sourcecode.swift; path = ProvinceSelecViewController.swift; sourceTree = "<group>"; };
		8B5414C3273DC1B400043F74 /* SignInViewController.swift */ = {isa = PBXFileReference; lastKnownFileType = sourcecode.swift; path = SignInViewController.swift; sourceTree = "<group>"; };
		8B5973312759818B0064527D /* OrderConfirmationViewController.swift */ = {isa = PBXFileReference; lastKnownFileType = sourcecode.swift; path = OrderConfirmationViewController.swift; sourceTree = "<group>"; };
		8B5F10E32739E21B006AB198 /* Lopawlty.app */ = {isa = PBXFileReference; explicitFileType = wrapper.application; includeInIndex = 0; path = Lopawlty.app; sourceTree = BUILT_PRODUCTS_DIR; };
		8B5F10E62739E21C006AB198 /* AppDelegate.swift */ = {isa = PBXFileReference; lastKnownFileType = sourcecode.swift; path = AppDelegate.swift; sourceTree = "<group>"; };
		8B5F10E82739E21C006AB198 /* SceneDelegate.swift */ = {isa = PBXFileReference; lastKnownFileType = sourcecode.swift; path = SceneDelegate.swift; sourceTree = "<group>"; };
		8B5F10EA2739E21C006AB198 /* ViewController.swift */ = {isa = PBXFileReference; lastKnownFileType = sourcecode.swift; path = ViewController.swift; sourceTree = "<group>"; };
		8B5F10ED2739E21C006AB198 /* Base */ = {isa = PBXFileReference; lastKnownFileType = file.storyboard; name = Base; path = Base.lproj/Main.storyboard; sourceTree = "<group>"; };
		8B5F10EF2739E21C006AB198 /* Assets.xcassets */ = {isa = PBXFileReference; lastKnownFileType = folder.assetcatalog; path = Assets.xcassets; sourceTree = "<group>"; };
		8B5F10F22739E21C006AB198 /* Base */ = {isa = PBXFileReference; lastKnownFileType = file.storyboard; name = Base; path = Base.lproj/LaunchScreen.storyboard; sourceTree = "<group>"; };
		8B5F10F42739E21C006AB198 /* Info.plist */ = {isa = PBXFileReference; lastKnownFileType = text.plist.xml; path = Info.plist; sourceTree = "<group>"; };
		8B5F10F92739E21D006AB198 /* LopawltyTests.xctest */ = {isa = PBXFileReference; explicitFileType = wrapper.cfbundle; includeInIndex = 0; path = LopawltyTests.xctest; sourceTree = BUILT_PRODUCTS_DIR; };
		8B5F10FD2739E21D006AB198 /* LopawltyTests.swift */ = {isa = PBXFileReference; lastKnownFileType = sourcecode.swift; path = LopawltyTests.swift; sourceTree = "<group>"; };
		8B5F10FF2739E21D006AB198 /* Info.plist */ = {isa = PBXFileReference; lastKnownFileType = text.plist.xml; path = Info.plist; sourceTree = "<group>"; };
		8B5F11042739E21D006AB198 /* LopawltyUITests.xctest */ = {isa = PBXFileReference; explicitFileType = wrapper.cfbundle; includeInIndex = 0; path = LopawltyUITests.xctest; sourceTree = BUILT_PRODUCTS_DIR; };
		8B5F11082739E21D006AB198 /* LopawltyUITests.swift */ = {isa = PBXFileReference; lastKnownFileType = sourcecode.swift; path = LopawltyUITests.swift; sourceTree = "<group>"; };
		8B5F110A2739E21D006AB198 /* Info.plist */ = {isa = PBXFileReference; lastKnownFileType = text.plist.xml; path = Info.plist; sourceTree = "<group>"; };
		8B77D1852757FA7B00BFA778 /* ShoppingCartViewController.swift */ = {isa = PBXFileReference; lastKnownFileType = sourcecode.swift; path = ShoppingCartViewController.swift; sourceTree = "<group>"; };
		8B77D18A2757FABC00BFA778 /* ShoppingCartTableViewCell.swift */ = {isa = PBXFileReference; lastKnownFileType = sourcecode.swift; path = ShoppingCartTableViewCell.swift; sourceTree = "<group>"; };
		8B77D19D275827FC00BFA778 /* CheckOutResumeViewController.swift */ = {isa = PBXFileReference; lastKnownFileType = sourcecode.swift; path = CheckOutResumeViewController.swift; sourceTree = "<group>"; };
		8B77D1A2275843A200BFA778 /* DeliveryInfoViewController.swift */ = {isa = PBXFileReference; lastKnownFileType = sourcecode.swift; path = DeliveryInfoViewController.swift; sourceTree = "<group>"; };
		8B7CE21C275ACD8B0008B244 /* ProfileViewController.swift */ = {isa = PBXFileReference; lastKnownFileType = sourcecode.swift; path = ProfileViewController.swift; sourceTree = "<group>"; };
		8B7CE22C275AF12F0008B244 /* OrderHistoricListViewController.swift */ = {isa = PBXFileReference; lastKnownFileType = sourcecode.swift; path = OrderHistoricListViewController.swift; sourceTree = "<group>"; };
		8B7CE231275AF15C0008B244 /* OrderHistoricCellTableViewCell.swift */ = {isa = PBXFileReference; lastKnownFileType = sourcecode.swift; path = OrderHistoricCellTableViewCell.swift; sourceTree = "<group>"; };
		8B84E2E827594ACE000D8934 /* PaymentMethodViewController.swift */ = {isa = PBXFileReference; lastKnownFileType = sourcecode.swift; path = PaymentMethodViewController.swift; sourceTree = "<group>"; };
		8BC55812275AA54F00D670EA /* OrderItemsViewController.swift */ = {isa = PBXFileReference; lastKnownFileType = sourcecode.swift; path = OrderItemsViewController.swift; sourceTree = "<group>"; };
		8BC55817275AA56900D670EA /* OderItemCellTableViewCell.swift */ = {isa = PBXFileReference; lastKnownFileType = sourcecode.swift; path = OderItemCellTableViewCell.swift; sourceTree = "<group>"; };
		B91557A72745E16500AA415C /* Lopawlty.xcdatamodel */ = {isa = PBXFileReference; lastKnownFileType = wrapper.xcdatamodel; path = Lopawlty.xcdatamodel; sourceTree = "<group>"; };
		B9441A5C275A60840017D917 /* Utils.swift */ = {isa = PBXFileReference; lastKnownFileType = sourcecode.swift; path = Utils.swift; sourceTree = "<group>"; };
		B94B68262756BA1F00835D18 /* Customer.swift */ = {isa = PBXFileReference; lastKnownFileType = sourcecode.swift; path = Customer.swift; sourceTree = "<group>"; };
		B97062A42756D94C00B1B394 /* Product.swift */ = {isa = PBXFileReference; lastKnownFileType = sourcecode.swift; path = Product.swift; sourceTree = "<group>"; };
		B9833495275AE8540086F32F /* UnauthenticatedNavigationController.swift */ = {isa = PBXFileReference; lastKnownFileType = sourcecode.swift; path = UnauthenticatedNavigationController.swift; sourceTree = "<group>"; };
		B98334A0275B057B0086F32F /* GoogleService-Info.plist */ = {isa = PBXFileReference; fileEncoding = 4; lastKnownFileType = text.plist.xml; name = "GoogleService-Info.plist"; path = "../../../../GoogleService-Info.plist"; sourceTree = "<group>"; };
		B98334A5275B140B0086F32F /* TabBarController.swift */ = {isa = PBXFileReference; lastKnownFileType = sourcecode.swift; path = TabBarController.swift; sourceTree = "<group>"; };
		B9995F33275087C200C9C587 /* Cart+CoreDataClass.swift */ = {isa = PBXFileReference; lastKnownFileType = sourcecode.swift; path = "Cart+CoreDataClass.swift"; sourceTree = "<group>"; };
		B9995F502750899800C9C587 /* SampleData.swift */ = {isa = PBXFileReference; lastKnownFileType = sourcecode.swift; path = SampleData.swift; sourceTree = "<group>"; };
		B9EC995C27594C2800F9D33E /* CreditCard.swift */ = {isa = PBXFileReference; lastKnownFileType = sourcecode.swift; path = CreditCard.swift; sourceTree = "<group>"; };
		B9EC9961275954D000F9D33E /* Province.swift */ = {isa = PBXFileReference; lastKnownFileType = sourcecode.swift; path = Province.swift; sourceTree = "<group>"; };
		B9EC9966275956E600F9D33E /* Address.swift */ = {isa = PBXFileReference; lastKnownFileType = sourcecode.swift; path = Address.swift; sourceTree = "<group>"; };
		B9FC85D4275964B80040118E /* AddressInformationViewController.swift */ = {isa = PBXFileReference; lastKnownFileType = sourcecode.swift; path = AddressInformationViewController.swift; sourceTree = "<group>"; };
		B9FC85E427599CAA0040118E /* Sale.swift */ = {isa = PBXFileReference; lastKnownFileType = sourcecode.swift; path = Sale.swift; sourceTree = "<group>"; };
		B9FC85E927599D590040118E /* Payment.swift */ = {isa = PBXFileReference; lastKnownFileType = sourcecode.swift; path = Payment.swift; sourceTree = "<group>"; };
		B9FC85EE27599E7D0040118E /* Delivery.swift */ = {isa = PBXFileReference; lastKnownFileType = sourcecode.swift; path = Delivery.swift; sourceTree = "<group>"; };
/* End PBXFileReference section */

/* Begin PBXFrameworksBuildPhase section */
		8B5F10E02739E21B006AB198 /* Frameworks */ = {
			isa = PBXFrameworksBuildPhase;
			buildActionMask = 2147483647;
			files = (
				8B84E2EF275964BF000D8934 /* MonthYearPicker in Frameworks */,
				B94B68382756C0C600835D18 /* FirebaseFirestore in Frameworks */,
			);
			runOnlyForDeploymentPostprocessing = 0;
		};
		8B5F10F62739E21D006AB198 /* Frameworks */ = {
			isa = PBXFrameworksBuildPhase;
			buildActionMask = 2147483647;
			files = (
			);
			runOnlyForDeploymentPostprocessing = 0;
		};
		8B5F11012739E21D006AB198 /* Frameworks */ = {
			isa = PBXFrameworksBuildPhase;
			buildActionMask = 2147483647;
			files = (
			);
			runOnlyForDeploymentPostprocessing = 0;
		};
/* End PBXFrameworksBuildPhase section */

/* Begin PBXGroup section */
		8B5414AF273DB32200043F74 /* Controllers */ = {
			isa = PBXGroup;
			children = (
				8B5414B6273DB69B00043F74 /* RegistrationViewController.swift */,
				8B5F10EA2739E21C006AB198 /* ViewController.swift */,
				8B5414BB273DB70900043F74 /* ProvinceSelecViewController.swift */,
				8B5414C3273DC1B400043F74 /* SignInViewController.swift */,
				8B1C201C27471F75009B8A6A /* ProductsListViewController.swift */,
				8B3A18A72749FA5400B6849E /* ProductCellTableViewCell.swift */,
				8B3876DC2756FCC600BCBC94 /* SeeMoreViewController.swift */,
				8B77D1852757FA7B00BFA778 /* ShoppingCartViewController.swift */,
				8B77D18A2757FABC00BFA778 /* ShoppingCartTableViewCell.swift */,
				8B77D19D275827FC00BFA778 /* CheckOutResumeViewController.swift */,
				8B77D1A2275843A200BFA778 /* DeliveryInfoViewController.swift */,
				B9FC85D4275964B80040118E /* AddressInformationViewController.swift */,
				8B84E2E827594ACE000D8934 /* PaymentMethodViewController.swift */,
				8B5973312759818B0064527D /* OrderConfirmationViewController.swift */,
				8BC55812275AA54F00D670EA /* OrderItemsViewController.swift */,
				8BC55817275AA56900D670EA /* OderItemCellTableViewCell.swift */,
				8B7CE21C275ACD8B0008B244 /* ProfileViewController.swift */,
				B9833495275AE8540086F32F /* UnauthenticatedNavigationController.swift */,
				8B7CE22C275AF12F0008B244 /* OrderHistoricListViewController.swift */,
				8B7CE231275AF15C0008B244 /* OrderHistoricCellTableViewCell.swift */,
				B98334A5275B140B0086F32F /* TabBarController.swift */,
			);
			path = Controllers;
			sourceTree = "<group>";
		};
		8B5F10DA2739E21B006AB198 = {
			isa = PBXGroup;
			children = (
				8B5F10E52739E21B006AB198 /* Lopawlty */,
				8B5F10FC2739E21D006AB198 /* LopawltyTests */,
				8B5F11072739E21D006AB198 /* LopawltyUITests */,
				8B5F10E42739E21B006AB198 /* Products */,
			);
			sourceTree = "<group>";
		};
		8B5F10E42739E21B006AB198 /* Products */ = {
			isa = PBXGroup;
			children = (
				8B5F10E32739E21B006AB198 /* Lopawlty.app */,
				8B5F10F92739E21D006AB198 /* LopawltyTests.xctest */,
				8B5F11042739E21D006AB198 /* LopawltyUITests.xctest */,
			);
			name = Products;
			sourceTree = "<group>";
		};
		8B5F10E52739E21B006AB198 /* Lopawlty */ = {
			isa = PBXGroup;
			children = (
				B98334A0275B057B0086F32F /* GoogleService-Info.plist */,
				B9995F4F2750897400C9C587 /* Helpers */,
				B9557AFC273DF976006A2B81 /* Models */,
				8B5414AF273DB32200043F74 /* Controllers */,
				8B5F10E62739E21C006AB198 /* AppDelegate.swift */,
				8B5F10E82739E21C006AB198 /* SceneDelegate.swift */,
				8B5F10EC2739E21C006AB198 /* Main.storyboard */,
				8B5F10EF2739E21C006AB198 /* Assets.xcassets */,
				8B5F10F12739E21C006AB198 /* LaunchScreen.storyboard */,
				8B5F10F42739E21C006AB198 /* Info.plist */,
				B91557A62745E16500AA415C /* Lopawlty.xcdatamodeld */,
			);
			path = Lopawlty;
			sourceTree = "<group>";
		};
		8B5F10FC2739E21D006AB198 /* LopawltyTests */ = {
			isa = PBXGroup;
			children = (
				8B5F10FD2739E21D006AB198 /* LopawltyTests.swift */,
				8B5F10FF2739E21D006AB198 /* Info.plist */,
			);
			path = LopawltyTests;
			sourceTree = "<group>";
		};
		8B5F11072739E21D006AB198 /* LopawltyUITests */ = {
			isa = PBXGroup;
			children = (
				8B5F11082739E21D006AB198 /* LopawltyUITests.swift */,
				8B5F110A2739E21D006AB198 /* Info.plist */,
			);
			path = LopawltyUITests;
			sourceTree = "<group>";
		};
		B9557AFC273DF976006A2B81 /* Models */ = {
			isa = PBXGroup;
			children = (
				B9995F33275087C200C9C587 /* Cart+CoreDataClass.swift */,
				B94B68262756BA1F00835D18 /* Customer.swift */,
				B97062A42756D94C00B1B394 /* Product.swift */,
				B9EC995C27594C2800F9D33E /* CreditCard.swift */,
				B9EC9961275954D000F9D33E /* Province.swift */,
				B9EC9966275956E600F9D33E /* Address.swift */,
				B9FC85E427599CAA0040118E /* Sale.swift */,
				B9FC85E927599D590040118E /* Payment.swift */,
				B9FC85EE27599E7D0040118E /* Delivery.swift */,
			);
			path = Models;
			sourceTree = "<group>";
		};
		B9995F4F2750897400C9C587 /* Helpers */ = {
			isa = PBXGroup;
			children = (
				B9995F502750899800C9C587 /* SampleData.swift */,
				B9441A5C275A60840017D917 /* Utils.swift */,
			);
			path = Helpers;
			sourceTree = "<group>";
		};
/* End PBXGroup section */

/* Begin PBXNativeTarget section */
		8B5F10E22739E21B006AB198 /* Lopawlty */ = {
			isa = PBXNativeTarget;
			buildConfigurationList = 8B5F110D2739E21D006AB198 /* Build configuration list for PBXNativeTarget "Lopawlty" */;
			buildPhases = (
				8B5F10DF2739E21B006AB198 /* Sources */,
				8B5F10E02739E21B006AB198 /* Frameworks */,
				8B5F10E12739E21B006AB198 /* Resources */,
			);
			buildRules = (
			);
			dependencies = (
			);
			name = Lopawlty;
			packageProductDependencies = (
				B94B68372756C0C600835D18 /* FirebaseFirestore */,
				8B84E2EE275964BF000D8934 /* MonthYearPicker */,
			);
			productName = Lopawlty;
			productReference = 8B5F10E32739E21B006AB198 /* Lopawlty.app */;
			productType = "com.apple.product-type.application";
		};
		8B5F10F82739E21D006AB198 /* LopawltyTests */ = {
			isa = PBXNativeTarget;
			buildConfigurationList = 8B5F11102739E21D006AB198 /* Build configuration list for PBXNativeTarget "LopawltyTests" */;
			buildPhases = (
				8B5F10F52739E21D006AB198 /* Sources */,
				8B5F10F62739E21D006AB198 /* Frameworks */,
				8B5F10F72739E21D006AB198 /* Resources */,
			);
			buildRules = (
			);
			dependencies = (
				8B5F10FB2739E21D006AB198 /* PBXTargetDependency */,
			);
			name = LopawltyTests;
			productName = LopawltyTests;
			productReference = 8B5F10F92739E21D006AB198 /* LopawltyTests.xctest */;
			productType = "com.apple.product-type.bundle.unit-test";
		};
		8B5F11032739E21D006AB198 /* LopawltyUITests */ = {
			isa = PBXNativeTarget;
			buildConfigurationList = 8B5F11132739E21D006AB198 /* Build configuration list for PBXNativeTarget "LopawltyUITests" */;
			buildPhases = (
				8B5F11002739E21D006AB198 /* Sources */,
				8B5F11012739E21D006AB198 /* Frameworks */,
				8B5F11022739E21D006AB198 /* Resources */,
			);
			buildRules = (
			);
			dependencies = (
				8B5F11062739E21D006AB198 /* PBXTargetDependency */,
			);
			name = LopawltyUITests;
			productName = LopawltyUITests;
			productReference = 8B5F11042739E21D006AB198 /* LopawltyUITests.xctest */;
			productType = "com.apple.product-type.bundle.ui-testing";
		};
/* End PBXNativeTarget section */

/* Begin PBXProject section */
		8B5F10DB2739E21B006AB198 /* Project object */ = {
			isa = PBXProject;
			attributes = {
				LastSwiftUpdateCheck = 1240;
				LastUpgradeCheck = 1240;
				TargetAttributes = {
					8B5F10E22739E21B006AB198 = {
						CreatedOnToolsVersion = 12.4;
					};
					8B5F10F82739E21D006AB198 = {
						CreatedOnToolsVersion = 12.4;
						TestTargetID = 8B5F10E22739E21B006AB198;
					};
					8B5F11032739E21D006AB198 = {
						CreatedOnToolsVersion = 12.4;
						TestTargetID = 8B5F10E22739E21B006AB198;
					};
				};
			};
			buildConfigurationList = 8B5F10DE2739E21B006AB198 /* Build configuration list for PBXProject "Lopawlty" */;
			compatibilityVersion = "Xcode 9.3";
			developmentRegion = en;
			hasScannedForEncodings = 0;
			knownRegions = (
				en,
				Base,
			);
			mainGroup = 8B5F10DA2739E21B006AB198;
			packageReferences = (
				B94B68362756C0C600835D18 /* XCRemoteSwiftPackageReference "firebase-ios-sdk" */,
				8B84E2ED275964BE000D8934 /* XCRemoteSwiftPackageReference "MonthYearPicker" */,
			);
			productRefGroup = 8B5F10E42739E21B006AB198 /* Products */;
			projectDirPath = "";
			projectRoot = "";
			targets = (
				8B5F10E22739E21B006AB198 /* Lopawlty */,
				8B5F10F82739E21D006AB198 /* LopawltyTests */,
				8B5F11032739E21D006AB198 /* LopawltyUITests */,
			);
		};
/* End PBXProject section */

/* Begin PBXResourcesBuildPhase section */
		8B5F10E12739E21B006AB198 /* Resources */ = {
			isa = PBXResourcesBuildPhase;
			buildActionMask = 2147483647;
			files = (
				8B5F10F32739E21C006AB198 /* LaunchScreen.storyboard in Resources */,
				B98334A1275B057B0086F32F /* GoogleService-Info.plist in Resources */,
				8B5F10F02739E21C006AB198 /* Assets.xcassets in Resources */,
				8B5F10EE2739E21C006AB198 /* Main.storyboard in Resources */,
			);
			runOnlyForDeploymentPostprocessing = 0;
		};
		8B5F10F72739E21D006AB198 /* Resources */ = {
			isa = PBXResourcesBuildPhase;
			buildActionMask = 2147483647;
			files = (
			);
			runOnlyForDeploymentPostprocessing = 0;
		};
		8B5F11022739E21D006AB198 /* Resources */ = {
			isa = PBXResourcesBuildPhase;
			buildActionMask = 2147483647;
			files = (
			);
			runOnlyForDeploymentPostprocessing = 0;
		};
/* End PBXResourcesBuildPhase section */

/* Begin PBXSourcesBuildPhase section */
		8B5F10DF2739E21B006AB198 /* Sources */ = {
			isa = PBXSourcesBuildPhase;
			buildActionMask = 2147483647;
			files = (
				8B5F10EB2739E21C006AB198 /* ViewController.swift in Sources */,
				B94B68272756BA1F00835D18 /* Customer.swift in Sources */,
				B9EC995D27594C2800F9D33E /* CreditCard.swift in Sources */,
				B9441A5D275A60840017D917 /* Utils.swift in Sources */,
				B91557A82745E16500AA415C /* Lopawlty.xcdatamodeld in Sources */,
				8B84E2E927594ACE000D8934 /* PaymentMethodViewController.swift in Sources */,
				8B5F10E72739E21C006AB198 /* AppDelegate.swift in Sources */,
				8B77D1A3275843A200BFA778 /* DeliveryInfoViewController.swift in Sources */,
				8BC55813275AA54F00D670EA /* OrderItemsViewController.swift in Sources */,
				B9EC9967275956E600F9D33E /* Address.swift in Sources */,
				8B5414C4273DC1B400043F74 /* SignInViewController.swift in Sources */,
				8B5414B7273DB69B00043F74 /* RegistrationViewController.swift in Sources */,
				8B7CE21D275ACD8B0008B244 /* ProfileViewController.swift in Sources */,
				B9FC85E527599CAA0040118E /* Sale.swift in Sources */,
				B9995F512750899800C9C587 /* SampleData.swift in Sources */,
				8B3876DD2756FCC600BCBC94 /* SeeMoreViewController.swift in Sources */,
				B9995F39275087C200C9C587 /* Cart+CoreDataClass.swift in Sources */,
				8B5F10E92739E21C006AB198 /* SceneDelegate.swift in Sources */,
				B98334A6275B140B0086F32F /* TabBarController.swift in Sources */,
				8B3A18A82749FA5400B6849E /* ProductCellTableViewCell.swift in Sources */,
				8B77D19E275827FC00BFA778 /* CheckOutResumeViewController.swift in Sources */,
				8B7CE232275AF15C0008B244 /* OrderHistoricCellTableViewCell.swift in Sources */,
				8B5414BC273DB70900043F74 /* ProvinceSelecViewController.swift in Sources */,
				B9FC85D5275964B80040118E /* AddressInformationViewController.swift in Sources */,
				B9FC85EA27599D590040118E /* Payment.swift in Sources */,
				8B1C201D27471F75009B8A6A /* ProductsListViewController.swift in Sources */,
				B97062A52756D94C00B1B394 /* Product.swift in Sources */,
				8BC55818275AA56900D670EA /* OderItemCellTableViewCell.swift in Sources */,
				8B77D1862757FA7B00BFA778 /* ShoppingCartViewController.swift in Sources */,
				8B5973322759818B0064527D /* OrderConfirmationViewController.swift in Sources */,
				8B7CE22D275AF12F0008B244 /* OrderHistoricListViewController.swift in Sources */,
				8B77D18B2757FABC00BFA778 /* ShoppingCartTableViewCell.swift in Sources */,
				B9EC9962275954D000F9D33E /* Province.swift in Sources */,
				B9833496275AE8540086F32F /* UnauthenticatedNavigationController.swift in Sources */,
				B9FC85EF27599E7D0040118E /* Delivery.swift in Sources */,
			);
			runOnlyForDeploymentPostprocessing = 0;
		};
		8B5F10F52739E21D006AB198 /* Sources */ = {
			isa = PBXSourcesBuildPhase;
			buildActionMask = 2147483647;
			files = (
				8B5F10FE2739E21D006AB198 /* LopawltyTests.swift in Sources */,
			);
			runOnlyForDeploymentPostprocessing = 0;
		};
		8B5F11002739E21D006AB198 /* Sources */ = {
			isa = PBXSourcesBuildPhase;
			buildActionMask = 2147483647;
			files = (
				8B5F11092739E21D006AB198 /* LopawltyUITests.swift in Sources */,
			);
			runOnlyForDeploymentPostprocessing = 0;
		};
/* End PBXSourcesBuildPhase section */

/* Begin PBXTargetDependency section */
		8B5F10FB2739E21D006AB198 /* PBXTargetDependency */ = {
			isa = PBXTargetDependency;
			target = 8B5F10E22739E21B006AB198 /* Lopawlty */;
			targetProxy = 8B5F10FA2739E21D006AB198 /* PBXContainerItemProxy */;
		};
		8B5F11062739E21D006AB198 /* PBXTargetDependency */ = {
			isa = PBXTargetDependency;
			target = 8B5F10E22739E21B006AB198 /* Lopawlty */;
			targetProxy = 8B5F11052739E21D006AB198 /* PBXContainerItemProxy */;
		};
/* End PBXTargetDependency section */

/* Begin PBXVariantGroup section */
		8B5F10EC2739E21C006AB198 /* Main.storyboard */ = {
			isa = PBXVariantGroup;
			children = (
				8B5F10ED2739E21C006AB198 /* Base */,
			);
			name = Main.storyboard;
			sourceTree = "<group>";
		};
		8B5F10F12739E21C006AB198 /* LaunchScreen.storyboard */ = {
			isa = PBXVariantGroup;
			children = (
				8B5F10F22739E21C006AB198 /* Base */,
			);
			name = LaunchScreen.storyboard;
			sourceTree = "<group>";
		};
/* End PBXVariantGroup section */

/* Begin XCBuildConfiguration section */
		8B5F110B2739E21D006AB198 /* Debug */ = {
			isa = XCBuildConfiguration;
			buildSettings = {
				ALWAYS_SEARCH_USER_PATHS = NO;
				CLANG_ANALYZER_NONNULL = YES;
				CLANG_ANALYZER_NUMBER_OBJECT_CONVERSION = YES_AGGRESSIVE;
				CLANG_CXX_LANGUAGE_STANDARD = "gnu++14";
				CLANG_CXX_LIBRARY = "libc++";
				CLANG_ENABLE_MODULES = YES;
				CLANG_ENABLE_OBJC_ARC = YES;
				CLANG_ENABLE_OBJC_WEAK = YES;
				CLANG_WARN_BLOCK_CAPTURE_AUTORELEASING = YES;
				CLANG_WARN_BOOL_CONVERSION = YES;
				CLANG_WARN_COMMA = YES;
				CLANG_WARN_CONSTANT_CONVERSION = YES;
				CLANG_WARN_DEPRECATED_OBJC_IMPLEMENTATIONS = YES;
				CLANG_WARN_DIRECT_OBJC_ISA_USAGE = YES_ERROR;
				CLANG_WARN_DOCUMENTATION_COMMENTS = YES;
				CLANG_WARN_EMPTY_BODY = YES;
				CLANG_WARN_ENUM_CONVERSION = YES;
				CLANG_WARN_INFINITE_RECURSION = YES;
				CLANG_WARN_INT_CONVERSION = YES;
				CLANG_WARN_NON_LITERAL_NULL_CONVERSION = YES;
				CLANG_WARN_OBJC_IMPLICIT_RETAIN_SELF = YES;
				CLANG_WARN_OBJC_LITERAL_CONVERSION = YES;
				CLANG_WARN_OBJC_ROOT_CLASS = YES_ERROR;
				CLANG_WARN_QUOTED_INCLUDE_IN_FRAMEWORK_HEADER = YES;
				CLANG_WARN_RANGE_LOOP_ANALYSIS = YES;
				CLANG_WARN_STRICT_PROTOTYPES = YES;
				CLANG_WARN_SUSPICIOUS_MOVE = YES;
				CLANG_WARN_UNGUARDED_AVAILABILITY = YES_AGGRESSIVE;
				CLANG_WARN_UNREACHABLE_CODE = YES;
				CLANG_WARN__DUPLICATE_METHOD_MATCH = YES;
				COPY_PHASE_STRIP = NO;
				DEBUG_INFORMATION_FORMAT = dwarf;
				ENABLE_STRICT_OBJC_MSGSEND = YES;
				ENABLE_TESTABILITY = YES;
				GCC_C_LANGUAGE_STANDARD = gnu11;
				GCC_DYNAMIC_NO_PIC = NO;
				GCC_NO_COMMON_BLOCKS = YES;
				GCC_OPTIMIZATION_LEVEL = 0;
				GCC_PREPROCESSOR_DEFINITIONS = (
					"DEBUG=1",
					"$(inherited)",
				);
				GCC_WARN_64_TO_32_BIT_CONVERSION = YES;
				GCC_WARN_ABOUT_RETURN_TYPE = YES_ERROR;
				GCC_WARN_UNDECLARED_SELECTOR = YES;
				GCC_WARN_UNINITIALIZED_AUTOS = YES_AGGRESSIVE;
				GCC_WARN_UNUSED_FUNCTION = YES;
				GCC_WARN_UNUSED_VARIABLE = YES;
				IPHONEOS_DEPLOYMENT_TARGET = 14.4;
				MTL_ENABLE_DEBUG_INFO = INCLUDE_SOURCE;
				MTL_FAST_MATH = YES;
				ONLY_ACTIVE_ARCH = YES;
				SDKROOT = iphoneos;
				SWIFT_ACTIVE_COMPILATION_CONDITIONS = DEBUG;
				SWIFT_OPTIMIZATION_LEVEL = "-Onone";
			};
			name = Debug;
		};
		8B5F110C2739E21D006AB198 /* Release */ = {
			isa = XCBuildConfiguration;
			buildSettings = {
				ALWAYS_SEARCH_USER_PATHS = NO;
				CLANG_ANALYZER_NONNULL = YES;
				CLANG_ANALYZER_NUMBER_OBJECT_CONVERSION = YES_AGGRESSIVE;
				CLANG_CXX_LANGUAGE_STANDARD = "gnu++14";
				CLANG_CXX_LIBRARY = "libc++";
				CLANG_ENABLE_MODULES = YES;
				CLANG_ENABLE_OBJC_ARC = YES;
				CLANG_ENABLE_OBJC_WEAK = YES;
				CLANG_WARN_BLOCK_CAPTURE_AUTORELEASING = YES;
				CLANG_WARN_BOOL_CONVERSION = YES;
				CLANG_WARN_COMMA = YES;
				CLANG_WARN_CONSTANT_CONVERSION = YES;
				CLANG_WARN_DEPRECATED_OBJC_IMPLEMENTATIONS = YES;
				CLANG_WARN_DIRECT_OBJC_ISA_USAGE = YES_ERROR;
				CLANG_WARN_DOCUMENTATION_COMMENTS = YES;
				CLANG_WARN_EMPTY_BODY = YES;
				CLANG_WARN_ENUM_CONVERSION = YES;
				CLANG_WARN_INFINITE_RECURSION = YES;
				CLANG_WARN_INT_CONVERSION = YES;
				CLANG_WARN_NON_LITERAL_NULL_CONVERSION = YES;
				CLANG_WARN_OBJC_IMPLICIT_RETAIN_SELF = YES;
				CLANG_WARN_OBJC_LITERAL_CONVERSION = YES;
				CLANG_WARN_OBJC_ROOT_CLASS = YES_ERROR;
				CLANG_WARN_QUOTED_INCLUDE_IN_FRAMEWORK_HEADER = YES;
				CLANG_WARN_RANGE_LOOP_ANALYSIS = YES;
				CLANG_WARN_STRICT_PROTOTYPES = YES;
				CLANG_WARN_SUSPICIOUS_MOVE = YES;
				CLANG_WARN_UNGUARDED_AVAILABILITY = YES_AGGRESSIVE;
				CLANG_WARN_UNREACHABLE_CODE = YES;
				CLANG_WARN__DUPLICATE_METHOD_MATCH = YES;
				COPY_PHASE_STRIP = NO;
				DEBUG_INFORMATION_FORMAT = "dwarf-with-dsym";
				ENABLE_NS_ASSERTIONS = NO;
				ENABLE_STRICT_OBJC_MSGSEND = YES;
				GCC_C_LANGUAGE_STANDARD = gnu11;
				GCC_NO_COMMON_BLOCKS = YES;
				GCC_WARN_64_TO_32_BIT_CONVERSION = YES;
				GCC_WARN_ABOUT_RETURN_TYPE = YES_ERROR;
				GCC_WARN_UNDECLARED_SELECTOR = YES;
				GCC_WARN_UNINITIALIZED_AUTOS = YES_AGGRESSIVE;
				GCC_WARN_UNUSED_FUNCTION = YES;
				GCC_WARN_UNUSED_VARIABLE = YES;
				IPHONEOS_DEPLOYMENT_TARGET = 14.4;
				MTL_ENABLE_DEBUG_INFO = NO;
				MTL_FAST_MATH = YES;
				SDKROOT = iphoneos;
				SWIFT_COMPILATION_MODE = wholemodule;
				SWIFT_OPTIMIZATION_LEVEL = "-O";
				VALIDATE_PRODUCT = YES;
			};
			name = Release;
		};
		8B5F110E2739E21D006AB198 /* Debug */ = {
			isa = XCBuildConfiguration;
			buildSettings = {
				ASSETCATALOG_COMPILER_APPICON_NAME = AppIcon;
				ASSETCATALOG_COMPILER_GLOBAL_ACCENT_COLOR_NAME = AccentColor;
				CODE_SIGN_STYLE = Automatic;
				INFOPLIST_FILE = Lopawlty/Info.plist;
				LD_RUNPATH_SEARCH_PATHS = (
					"$(inherited)",
					"@executable_path/Frameworks",
				);
				PRODUCT_BUNDLE_IDENTIFIER = com.lowpawlty;
				PRODUCT_NAME = "$(TARGET_NAME)";
				SWIFT_VERSION = 5.0;
				TARGETED_DEVICE_FAMILY = "1,2";
			};
			name = Debug;
		};
		8B5F110F2739E21D006AB198 /* Release */ = {
			isa = XCBuildConfiguration;
			buildSettings = {
				ASSETCATALOG_COMPILER_APPICON_NAME = AppIcon;
				ASSETCATALOG_COMPILER_GLOBAL_ACCENT_COLOR_NAME = AccentColor;
				CODE_SIGN_STYLE = Automatic;
				INFOPLIST_FILE = Lopawlty/Info.plist;
				LD_RUNPATH_SEARCH_PATHS = (
					"$(inherited)",
					"@executable_path/Frameworks",
				);
				PRODUCT_BUNDLE_IDENTIFIER = com.lowpawlty;
				PRODUCT_NAME = "$(TARGET_NAME)";
				SWIFT_VERSION = 5.0;
				TARGETED_DEVICE_FAMILY = "1,2";
			};
			name = Release;
		};
		8B5F11112739E21D006AB198 /* Debug */ = {
			isa = XCBuildConfiguration;
			buildSettings = {
				ALWAYS_EMBED_SWIFT_STANDARD_LIBRARIES = YES;
				BUNDLE_LOADER = "$(TEST_HOST)";
				CODE_SIGN_STYLE = Automatic;
				INFOPLIST_FILE = LopawltyTests/Info.plist;
				IPHONEOS_DEPLOYMENT_TARGET = 14.4;
				LD_RUNPATH_SEARCH_PATHS = (
					"$(inherited)",
					"@executable_path/Frameworks",
					"@loader_path/Frameworks",
				);
				PRODUCT_BUNDLE_IDENTIFIER = Conestoga.LopawltyTests;
				PRODUCT_NAME = "$(TARGET_NAME)";
				SWIFT_VERSION = 5.0;
				TARGETED_DEVICE_FAMILY = "1,2";
				TEST_HOST = "$(BUILT_PRODUCTS_DIR)/Lopawlty.app/Lopawlty";
			};
			name = Debug;
		};
		8B5F11122739E21D006AB198 /* Release */ = {
			isa = XCBuildConfiguration;
			buildSettings = {
				ALWAYS_EMBED_SWIFT_STANDARD_LIBRARIES = YES;
				BUNDLE_LOADER = "$(TEST_HOST)";
				CODE_SIGN_STYLE = Automatic;
				INFOPLIST_FILE = LopawltyTests/Info.plist;
				IPHONEOS_DEPLOYMENT_TARGET = 14.4;
				LD_RUNPATH_SEARCH_PATHS = (
					"$(inherited)",
					"@executable_path/Frameworks",
					"@loader_path/Frameworks",
				);
				PRODUCT_BUNDLE_IDENTIFIER = Conestoga.LopawltyTests;
				PRODUCT_NAME = "$(TARGET_NAME)";
				SWIFT_VERSION = 5.0;
				TARGETED_DEVICE_FAMILY = "1,2";
				TEST_HOST = "$(BUILT_PRODUCTS_DIR)/Lopawlty.app/Lopawlty";
			};
			name = Release;
		};
		8B5F11142739E21D006AB198 /* Debug */ = {
			isa = XCBuildConfiguration;
			buildSettings = {
				ALWAYS_EMBED_SWIFT_STANDARD_LIBRARIES = YES;
				CODE_SIGN_STYLE = Automatic;
				INFOPLIST_FILE = LopawltyUITests/Info.plist;
				LD_RUNPATH_SEARCH_PATHS = (
					"$(inherited)",
					"@executable_path/Frameworks",
					"@loader_path/Frameworks",
				);
				PRODUCT_BUNDLE_IDENTIFIER = Conestoga.LopawltyUITests;
				PRODUCT_NAME = "$(TARGET_NAME)";
				SWIFT_VERSION = 5.0;
				TARGETED_DEVICE_FAMILY = "1,2";
				TEST_TARGET_NAME = Lopawlty;
			};
			name = Debug;
		};
		8B5F11152739E21D006AB198 /* Release */ = {
			isa = XCBuildConfiguration;
			buildSettings = {
				ALWAYS_EMBED_SWIFT_STANDARD_LIBRARIES = YES;
				CODE_SIGN_STYLE = Automatic;
				INFOPLIST_FILE = LopawltyUITests/Info.plist;
				LD_RUNPATH_SEARCH_PATHS = (
					"$(inherited)",
					"@executable_path/Frameworks",
					"@loader_path/Frameworks",
				);
				PRODUCT_BUNDLE_IDENTIFIER = Conestoga.LopawltyUITests;
				PRODUCT_NAME = "$(TARGET_NAME)";
				SWIFT_VERSION = 5.0;
				TARGETED_DEVICE_FAMILY = "1,2";
				TEST_TARGET_NAME = Lopawlty;
			};
			name = Release;
		};
/* End XCBuildConfiguration section */

/* Begin XCConfigurationList section */
		8B5F10DE2739E21B006AB198 /* Build configuration list for PBXProject "Lopawlty" */ = {
			isa = XCConfigurationList;
			buildConfigurations = (
				8B5F110B2739E21D006AB198 /* Debug */,
				8B5F110C2739E21D006AB198 /* Release */,
			);
			defaultConfigurationIsVisible = 0;
			defaultConfigurationName = Release;
		};
		8B5F110D2739E21D006AB198 /* Build configuration list for PBXNativeTarget "Lopawlty" */ = {
			isa = XCConfigurationList;
			buildConfigurations = (
				8B5F110E2739E21D006AB198 /* Debug */,
				8B5F110F2739E21D006AB198 /* Release */,
			);
			defaultConfigurationIsVisible = 0;
			defaultConfigurationName = Release;
		};
		8B5F11102739E21D006AB198 /* Build configuration list for PBXNativeTarget "LopawltyTests" */ = {
			isa = XCConfigurationList;
			buildConfigurations = (
				8B5F11112739E21D006AB198 /* Debug */,
				8B5F11122739E21D006AB198 /* Release */,
			);
			defaultConfigurationIsVisible = 0;
			defaultConfigurationName = Release;
		};
		8B5F11132739E21D006AB198 /* Build configuration list for PBXNativeTarget "LopawltyUITests" */ = {
			isa = XCConfigurationList;
			buildConfigurations = (
				8B5F11142739E21D006AB198 /* Debug */,
				8B5F11152739E21D006AB198 /* Release */,
			);
			defaultConfigurationIsVisible = 0;
			defaultConfigurationName = Release;
		};
/* End XCConfigurationList section */

/* Begin XCRemoteSwiftPackageReference section */
		8B84E2ED275964BE000D8934 /* XCRemoteSwiftPackageReference "MonthYearPicker" */ = {
			isa = XCRemoteSwiftPackageReference;
			repositoryURL = "https://github.com/alexanderedge/MonthYearPicker.git";
			requirement = {
				kind = upToNextMajorVersion;
				minimumVersion = 4.0.3;
			};
		};
		B94B68362756C0C600835D18 /* XCRemoteSwiftPackageReference "firebase-ios-sdk" */ = {
			isa = XCRemoteSwiftPackageReference;
			repositoryURL = "https://github.com/firebase/firebase-ios-sdk";
			requirement = {
				kind = upToNextMajorVersion;
				minimumVersion = 8.9.1;
			};
		};
/* End XCRemoteSwiftPackageReference section */

/* Begin XCSwiftPackageProductDependency section */
		8B84E2EE275964BF000D8934 /* MonthYearPicker */ = {
			isa = XCSwiftPackageProductDependency;
			package = 8B84E2ED275964BE000D8934 /* XCRemoteSwiftPackageReference "MonthYearPicker" */;
			productName = MonthYearPicker;
		};
		B94B68372756C0C600835D18 /* FirebaseFirestore */ = {
			isa = XCSwiftPackageProductDependency;
			package = B94B68362756C0C600835D18 /* XCRemoteSwiftPackageReference "firebase-ios-sdk" */;
			productName = FirebaseFirestore;
		};
/* End XCSwiftPackageProductDependency section */

/* Begin XCVersionGroup section */
		B91557A62745E16500AA415C /* Lopawlty.xcdatamodeld */ = {
			isa = XCVersionGroup;
			children = (
				B91557A72745E16500AA415C /* Lopawlty.xcdatamodel */,
			);
			currentVersion = B91557A72745E16500AA415C /* Lopawlty.xcdatamodel */;
			path = Lopawlty.xcdatamodeld;
			sourceTree = "<group>";
			versionGroupType = wrapper.xcdatamodel;
		};
/* End XCVersionGroup section */
	};
	rootObject = 8B5F10DB2739E21B006AB198 /* Project object */;
}
